
Microsoft Visual Studio Solution File, Format Version 12.00
# Visual Studio Version 17
VisualStudioVersion = 17.11.35222.181
MinimumVisualStudioVersion = 10.0.40219.1
Project("{FAE04EC0-301F-11D3-BF4B-00C04F79EFBC}") = "WebAppUpnQ8Api", "WebAppUpnQ8Api\WebAppUpnQ8Api.csproj", "{D7CFDC16-4A2B-4226-9D68-A19C905A04AA}"
EndProject
Global
	GlobalSection(SolutionConfigurationPlatforms) = preSolution
		Debug|Any CPU = Debug|Any CPU
		Release|Any CPU = Release|Any CPU
	EndGlobalSection
	GlobalSection(ProjectConfigurationPlatforms) = postSolution
		{D7CFDC16-4A2B-4226-9D68-A19C905A04AA}.Debug|Any CPU.ActiveCfg = Debug|Any CPU
		{D7CFDC16-4A2B-4226-9D68-A19C905A04AA}.Debug|Any CPU.Build.0 = Debug|Any CPU
		{D7CFDC16-4A2B-4226-9D68-A19C905A04AA}.Release|Any CPU.ActiveCfg = Release|Any CPU
		{D7CFDC16-4A2B-4226-9D68-A19C905A04AA}.Release|Any CPU.Build.0 = Release|Any CPU
	EndGlobalSection
	GlobalSection(SolutionProperties) = preSolution
		HideSolutionNode = FALSE
	EndGlobalSection
	GlobalSection(ExtensibilityGlobals) = postSolution
		SolutionGuid = {7A999C82-FC22-40C1-920C-F39B716CAAA4}
	EndGlobalSection
EndGlobal
